// !$*UTF8*$!
{
	archiveVersion = 1;
	classes = {
	};
	objectVersion = 56;
	objects = {

/* Begin PBXBuildFile section */
		1A39E5F32BA19B77005B5742 /* SearchBarView.swift in Sources */ = {isa = PBXBuildFile; fileRef = 1A39E5F22BA19B77005B5742 /* SearchBarView.swift */; };
		1A39E5F62BA19B8D005B5742 /* SearchBarViewModel.swift in Sources */ = {isa = PBXBuildFile; fileRef = 1A39E5F52BA19B8D005B5742 /* SearchBarViewModel.swift */; };
		1A39E5F92BA1ACAD005B5742 /* ImageCollectionView.swift in Sources */ = {isa = PBXBuildFile; fileRef = 1A39E5F82BA1ACAD005B5742 /* ImageCollectionView.swift */; };
		1A39E5FB2BA1ACB2005B5742 /* ImageCollectionViewModel.swift in Sources */ = {isa = PBXBuildFile; fileRef = 1A39E5FA2BA1ACB2005B5742 /* ImageCollectionViewModel.swift */; };
		1A39E62B2BA27F56005B5742 /* GoogleAPI.swift in Sources */ = {isa = PBXBuildFile; fileRef = 1A39E62A2BA27F56005B5742 /* GoogleAPI.swift */; };
		1A39E62F2BA28191005B5742 /* ApiKeyBundel.swift in Sources */ = {isa = PBXBuildFile; fileRef = 1A39E62E2BA28191005B5742 /* ApiKeyBundel.swift */; };
		1A39E6312BA2838B005B5742 /* SearchNetwork.swift in Sources */ = {isa = PBXBuildFile; fileRef = 1A39E6302BA2838B005B5742 /* SearchNetwork.swift */; };
		1A8C3E042BA7CB4B00583AFB /* ImageViewCell.swift in Sources */ = {isa = PBXBuildFile; fileRef = 1A8C3E032BA7CB4B00583AFB /* ImageViewCell.swift */; };
		1A8C3E062BA7CB5100583AFB /* ImageViewModel.swift in Sources */ = {isa = PBXBuildFile; fileRef = 1A8C3E052BA7CB5100583AFB /* ImageViewModel.swift */; };
		1A8C3E0F2BA7EB0E00583AFB /* ImageDetailViewController.swift in Sources */ = {isa = PBXBuildFile; fileRef = 1A8C3E0E2BA7EB0E00583AFB /* ImageDetailViewController.swift */; };
		1A8C3E112BA7EB1300583AFB /* ImageDetailViewModel.swift in Sources */ = {isa = PBXBuildFile; fileRef = 1A8C3E102BA7EB1300583AFB /* ImageDetailViewModel.swift */; };
		1A8C3E152BA7EB6900583AFB /* ApiKeyInfo.plist in Resources */ = {isa = PBXBuildFile; fileRef = 1A8C3E142BA7EB6900583AFB /* ApiKeyInfo.plist */; };
		1A9697942B9E8825006C21B2 /* AppDelegate.swift in Sources */ = {isa = PBXBuildFile; fileRef = 1A9697932B9E8825006C21B2 /* AppDelegate.swift */; };
		1A9697962B9E8825006C21B2 /* SceneDelegate.swift in Sources */ = {isa = PBXBuildFile; fileRef = 1A9697952B9E8825006C21B2 /* SceneDelegate.swift */; };
		1A9697982B9E8825006C21B2 /* MainViewController.swift in Sources */ = {isa = PBXBuildFile; fileRef = 1A9697972B9E8825006C21B2 /* MainViewController.swift */; };
		1A96979D2B9E8826006C21B2 /* Assets.xcassets in Resources */ = {isa = PBXBuildFile; fileRef = 1A96979C2B9E8826006C21B2 /* Assets.xcassets */; };
		1A9697A02B9E8826006C21B2 /* Base in Resources */ = {isa = PBXBuildFile; fileRef = 1A96979F2B9E8826006C21B2 /* Base */; };
		1A9697A82B9E8935006C21B2 /* MainViewModel.swift in Sources */ = {isa = PBXBuildFile; fileRef = 1A9697A72B9E8935006C21B2 /* MainViewModel.swift */; };
		1A9697D92B9E9786006C21B2 /* RxCocoa in Frameworks */ = {isa = PBXBuildFile; productRef = 1A9697D82B9E9786006C21B2 /* RxCocoa */; };
		1A9697DB2B9E9786006C21B2 /* RxRelay in Frameworks */ = {isa = PBXBuildFile; productRef = 1A9697DA2B9E9786006C21B2 /* RxRelay */; };
		1A9697DD2B9E9786006C21B2 /* RxSwift in Frameworks */ = {isa = PBXBuildFile; productRef = 1A9697DC2B9E9786006C21B2 /* RxSwift */; };
		1A9697E52B9E97C3006C21B2 /* Kingfisher in Frameworks */ = {isa = PBXBuildFile; productRef = 1A9697E42B9E97C3006C21B2 /* Kingfisher */; };
		1A9697E82B9E9821006C21B2 /* SnapKit in Frameworks */ = {isa = PBXBuildFile; productRef = 1A9697E72B9E9821006C21B2 /* SnapKit */; };
		1A9697EC2B9EB588006C21B2 /* GGImageResults.swift in Sources */ = {isa = PBXBuildFile; fileRef = 1A9697EB2B9EB588006C21B2 /* GGImageResults.swift */; };
/* End PBXBuildFile section */

/* Begin PBXFileReference section */
		1A39E5F22BA19B77005B5742 /* SearchBarView.swift */ = {isa = PBXFileReference; lastKnownFileType = sourcecode.swift; path = SearchBarView.swift; sourceTree = "<group>"; };
		1A39E5F52BA19B8D005B5742 /* SearchBarViewModel.swift */ = {isa = PBXFileReference; lastKnownFileType = sourcecode.swift; path = SearchBarViewModel.swift; sourceTree = "<group>"; };
		1A39E5F82BA1ACAD005B5742 /* ImageCollectionView.swift */ = {isa = PBXFileReference; lastKnownFileType = sourcecode.swift; path = ImageCollectionView.swift; sourceTree = "<group>"; };
		1A39E5FA2BA1ACB2005B5742 /* ImageCollectionViewModel.swift */ = {isa = PBXFileReference; lastKnownFileType = sourcecode.swift; path = ImageCollectionViewModel.swift; sourceTree = "<group>"; };
		1A39E62A2BA27F56005B5742 /* GoogleAPI.swift */ = {isa = PBXFileReference; lastKnownFileType = sourcecode.swift; path = GoogleAPI.swift; sourceTree = "<group>"; };
		1A39E62E2BA28191005B5742 /* ApiKeyBundel.swift */ = {isa = PBXFileReference; lastKnownFileType = sourcecode.swift; path = ApiKeyBundel.swift; sourceTree = "<group>"; };
		1A39E6302BA2838B005B5742 /* SearchNetwork.swift */ = {isa = PBXFileReference; lastKnownFileType = sourcecode.swift; path = SearchNetwork.swift; sourceTree = "<group>"; };
		1A8C3E032BA7CB4B00583AFB /* ImageViewCell.swift */ = {isa = PBXFileReference; lastKnownFileType = sourcecode.swift; path = ImageViewCell.swift; sourceTree = "<group>"; };
		1A8C3E052BA7CB5100583AFB /* ImageViewModel.swift */ = {isa = PBXFileReference; lastKnownFileType = sourcecode.swift; path = ImageViewModel.swift; sourceTree = "<group>"; };
		1A8C3E0E2BA7EB0E00583AFB /* ImageDetailViewController.swift */ = {isa = PBXFileReference; lastKnownFileType = sourcecode.swift; name = ImageDetailViewController.swift; path = 01_GoogleImageSearch/Present/ImageDetailViewController.swift; sourceTree = SOURCE_ROOT; };
		1A8C3E102BA7EB1300583AFB /* ImageDetailViewModel.swift */ = {isa = PBXFileReference; lastKnownFileType = sourcecode.swift; path = ImageDetailViewModel.swift; sourceTree = "<group>"; };
		1A8C3E122BA7EB5F00583AFB /* Info.plist */ = {isa = PBXFileReference; fileEncoding = 4; lastKnownFileType = text.plist.xml; path = Info.plist; sourceTree = "<group>"; };
		1A8C3E142BA7EB6900583AFB /* ApiKeyInfo.plist */ = {isa = PBXFileReference; fileEncoding = 4; lastKnownFileType = text.plist.xml; path = ApiKeyInfo.plist; sourceTree = "<group>"; };
		1A9697902B9E8825006C21B2 /* 01_GoogleImageSearch.app */ = {isa = PBXFileReference; explicitFileType = wrapper.application; includeInIndex = 0; path = 01_GoogleImageSearch.app; sourceTree = BUILT_PRODUCTS_DIR; };
		1A9697932B9E8825006C21B2 /* AppDelegate.swift */ = {isa = PBXFileReference; lastKnownFileType = sourcecode.swift; path = AppDelegate.swift; sourceTree = "<group>"; };
		1A9697952B9E8825006C21B2 /* SceneDelegate.swift */ = {isa = PBXFileReference; lastKnownFileType = sourcecode.swift; path = SceneDelegate.swift; sourceTree = "<group>"; };
		1A9697972B9E8825006C21B2 /* MainViewController.swift */ = {isa = PBXFileReference; lastKnownFileType = sourcecode.swift; path = MainViewController.swift; sourceTree = "<group>"; };
		1A96979C2B9E8826006C21B2 /* Assets.xcassets */ = {isa = PBXFileReference; lastKnownFileType = folder.assetcatalog; path = Assets.xcassets; sourceTree = "<group>"; };
		1A96979F2B9E8826006C21B2 /* Base */ = {isa = PBXFileReference; lastKnownFileType = file.storyboard; name = Base; path = Base.lproj/LaunchScreen.storyboard; sourceTree = "<group>"; };
		1A9697A72B9E8935006C21B2 /* MainViewModel.swift */ = {isa = PBXFileReference; lastKnownFileType = sourcecode.swift; path = MainViewModel.swift; sourceTree = "<group>"; };
		1A9697EB2B9EB588006C21B2 /* GGImageResults.swift */ = {isa = PBXFileReference; lastKnownFileType = sourcecode.swift; path = GGImageResults.swift; sourceTree = "<group>"; };
/* End PBXFileReference section */

/* Begin PBXFrameworksBuildPhase section */
		1A96978D2B9E8825006C21B2 /* Frameworks */ = {
			isa = PBXFrameworksBuildPhase;
			buildActionMask = 2147483647;
			files = (
				1A9697E52B9E97C3006C21B2 /* Kingfisher in Frameworks */,
				1A9697DD2B9E9786006C21B2 /* RxSwift in Frameworks */,
				1A9697DB2B9E9786006C21B2 /* RxRelay in Frameworks */,
				1A9697D92B9E9786006C21B2 /* RxCocoa in Frameworks */,
				1A9697E82B9E9821006C21B2 /* SnapKit in Frameworks */,
			);
			runOnlyForDeploymentPostprocessing = 0;
		};
/* End PBXFrameworksBuildPhase section */

/* Begin PBXGroup section */
		1A39E5F42BA19B7B005B5742 /* SearchBar */ = {
			isa = PBXGroup;
			children = (
				1A39E5F22BA19B77005B5742 /* SearchBarView.swift */,
				1A39E5F52BA19B8D005B5742 /* SearchBarViewModel.swift */,
			);
			path = SearchBar;
			sourceTree = "<group>";
		};
		1A39E5F72BA1AC8B005B5742 /* ListView */ = {
			isa = PBXGroup;
			children = (
				1A39E5F82BA1ACAD005B5742 /* ImageCollectionView.swift */,
				1A39E5FA2BA1ACB2005B5742 /* ImageCollectionViewModel.swift */,
				1A8C3E072BA7CB9900583AFB /* ImageCellView */,
			);
			path = ListView;
			sourceTree = "<group>";
		};
		1A39E6292BA27F02005B5742 /* Network */ = {
			isa = PBXGroup;
			children = (
				1A8C3E142BA7EB6900583AFB /* ApiKeyInfo.plist */,
				1A39E62E2BA28191005B5742 /* ApiKeyBundel.swift */,
				1A39E62A2BA27F56005B5742 /* GoogleAPI.swift */,
				1A39E6302BA2838B005B5742 /* SearchNetwork.swift */,
			);
			path = Network;
			sourceTree = "<group>";
		};
		1A8C3E072BA7CB9900583AFB /* ImageCellView */ = {
			isa = PBXGroup;
			children = (
				1A8C3E032BA7CB4B00583AFB /* ImageViewCell.swift */,
				1A8C3E052BA7CB5100583AFB /* ImageViewModel.swift */,
			);
			path = ImageCellView;
			sourceTree = "<group>";
		};
		1A8C3E0C2BA7EAEF00583AFB /* MainView */ = {
			isa = PBXGroup;
			children = (
				1A9697972B9E8825006C21B2 /* MainViewController.swift */,
				1A9697A72B9E8935006C21B2 /* MainViewModel.swift */,
				1A39E5F42BA19B7B005B5742 /* SearchBar */,
				1A39E5F72BA1AC8B005B5742 /* ListView */,
			);
			path = MainView;
			sourceTree = "<group>";
		};
		1A8C3E0D2BA7EAF500583AFB /* ImageDetailView */ = {
			isa = PBXGroup;
			children = (
				1A8C3E0E2BA7EB0E00583AFB /* ImageDetailViewController.swift */,
				1A8C3E102BA7EB1300583AFB /* ImageDetailViewModel.swift */,
			);
			path = ImageDetailView;
			sourceTree = "<group>";
		};
		1A9697872B9E8825006C21B2 = {
			isa = PBXGroup;
			children = (
				1A9697922B9E8825006C21B2 /* 01_GoogleImageSearch */,
				1A9697912B9E8825006C21B2 /* Products */,
			);
			sourceTree = "<group>";
		};
		1A9697912B9E8825006C21B2 /* Products */ = {
			isa = PBXGroup;
			children = (
				1A9697902B9E8825006C21B2 /* 01_GoogleImageSearch.app */,
			);
			name = Products;
			sourceTree = "<group>";
		};
		1A9697922B9E8825006C21B2 /* 01_GoogleImageSearch */ = {
			isa = PBXGroup;
			children = (
				1A9697932B9E8825006C21B2 /* AppDelegate.swift */,
				1A9697952B9E8825006C21B2 /* SceneDelegate.swift */,
				1A39E6292BA27F02005B5742 /* Network */,
				1A9697EA2B9EB54F006C21B2 /* Entity */,
				1A9697E92B9EB547006C21B2 /* Present */,
				1A96979C2B9E8826006C21B2 /* Assets.xcassets */,
				1A96979E2B9E8826006C21B2 /* LaunchScreen.storyboard */,
				1A8C3E122BA7EB5F00583AFB /* Info.plist */,
			);
			path = 01_GoogleImageSearch;
			sourceTree = "<group>";
		};
		1A9697E92B9EB547006C21B2 /* Present */ = {
			isa = PBXGroup;
			children = (
				1A8C3E0C2BA7EAEF00583AFB /* MainView */,
				1A8C3E0D2BA7EAF500583AFB /* ImageDetailView */,
			);
			path = Present;
			sourceTree = "<group>";
		};
		1A9697EA2B9EB54F006C21B2 /* Entity */ = {
			isa = PBXGroup;
			children = (
				1A9697EB2B9EB588006C21B2 /* GGImageResults.swift */,
			);
			path = Entity;
			sourceTree = "<group>";
		};
/* End PBXGroup section */

/* Begin PBXNativeTarget section */
		1A96978F2B9E8825006C21B2 /* 01_GoogleImageSearch */ = {
			isa = PBXNativeTarget;
			buildConfigurationList = 1A9697A42B9E8826006C21B2 /* Build configuration list for PBXNativeTarget "01_GoogleImageSearch" */;
			buildPhases = (
				1A96978C2B9E8825006C21B2 /* Sources */,
				1A96978D2B9E8825006C21B2 /* Frameworks */,
				1A96978E2B9E8825006C21B2 /* Resources */,
			);
			buildRules = (
			);
			dependencies = (
			);
			name = 01_GoogleImageSearch;
			packageProductDependencies = (
				1A9697D82B9E9786006C21B2 /* RxCocoa */,
				1A9697DA2B9E9786006C21B2 /* RxRelay */,
				1A9697DC2B9E9786006C21B2 /* RxSwift */,
				1A9697E42B9E97C3006C21B2 /* Kingfisher */,
				1A9697E72B9E9821006C21B2 /* SnapKit */,
			);
			productName = 01_GoogleImageSearch;
			productReference = 1A9697902B9E8825006C21B2 /* 01_GoogleImageSearch.app */;
			productType = "com.apple.product-type.application";
		};
/* End PBXNativeTarget section */

/* Begin PBXProject section */
		1A9697882B9E8825006C21B2 /* Project object */ = {
			isa = PBXProject;
			attributes = {
				BuildIndependentTargetsInParallel = 1;
				LastSwiftUpdateCheck = 1530;
				LastUpgradeCheck = 1530;
				TargetAttributes = {
					1A96978F2B9E8825006C21B2 = {
						CreatedOnToolsVersion = 15.3;
					};
				};
			};
			buildConfigurationList = 1A96978B2B9E8825006C21B2 /* Build configuration list for PBXProject "01_GoogleImageSearch" */;
			compatibilityVersion = "Xcode 14.0";
			developmentRegion = en;
			hasScannedForEncodings = 0;
			knownRegions = (
				en,
				Base,
			);
			mainGroup = 1A9697872B9E8825006C21B2;
			packageReferences = (
				1A9697D72B9E9785006C21B2 /* XCRemoteSwiftPackageReference "rxswift" */,
				1A9697E32B9E97C3006C21B2 /* XCRemoteSwiftPackageReference "Kingfisher" */,
				1A9697E62B9E9821006C21B2 /* XCRemoteSwiftPackageReference "SnapKit" */,
			);
			productRefGroup = 1A9697912B9E8825006C21B2 /* Products */;
			projectDirPath = "";
			projectRoot = "";
			targets = (
				1A96978F2B9E8825006C21B2 /* 01_GoogleImageSearch */,
			);
		};
/* End PBXProject section */

/* Begin PBXResourcesBuildPhase section */
		1A96978E2B9E8825006C21B2 /* Resources */ = {
			isa = PBXResourcesBuildPhase;
			buildActionMask = 2147483647;
			files = (
				1A96979D2B9E8826006C21B2 /* Assets.xcassets in Resources */,
				1A8C3E152BA7EB6900583AFB /* ApiKeyInfo.plist in Resources */,
				1A9697A02B9E8826006C21B2 /* Base in Resources */,
			);
			runOnlyForDeploymentPostprocessing = 0;
		};
/* End PBXResourcesBuildPhase section */

/* Begin PBXSourcesBuildPhase section */
		1A96978C2B9E8825006C21B2 /* Sources */ = {
			isa = PBXSourcesBuildPhase;
			buildActionMask = 2147483647;
			files = (
				1A8C3E062BA7CB5100583AFB /* ImageViewModel.swift in Sources */,
				1A9697982B9E8825006C21B2 /* MainViewController.swift in Sources */,
				1A9697942B9E8825006C21B2 /* AppDelegate.swift in Sources */,
				1A8C3E042BA7CB4B00583AFB /* ImageViewCell.swift in Sources */,
				1A8C3E0F2BA7EB0E00583AFB /* ImageDetailViewController.swift in Sources */,
				1A9697EC2B9EB588006C21B2 /* GGImageResults.swift in Sources */,
				1A39E62B2BA27F56005B5742 /* GoogleAPI.swift in Sources */,
				1A8C3E112BA7EB1300583AFB /* ImageDetailViewModel.swift in Sources */,
				1A39E62F2BA28191005B5742 /* ApiKeyBundel.swift in Sources */,
				1A39E5FB2BA1ACB2005B5742 /* ImageCollectionViewModel.swift in Sources */,
				1A39E6312BA2838B005B5742 /* SearchNetwork.swift in Sources */,
				1A9697962B9E8825006C21B2 /* SceneDelegate.swift in Sources */,
				1A39E5F32BA19B77005B5742 /* SearchBarView.swift in Sources */,
				1A9697A82B9E8935006C21B2 /* MainViewModel.swift in Sources */,
				1A39E5F92BA1ACAD005B5742 /* ImageCollectionView.swift in Sources */,
				1A39E5F62BA19B8D005B5742 /* SearchBarViewModel.swift in Sources */,
			);
			runOnlyForDeploymentPostprocessing = 0;
		};
/* End PBXSourcesBuildPhase section */

/* Begin PBXVariantGroup section */
		1A96979E2B9E8826006C21B2 /* LaunchScreen.storyboard */ = {
			isa = PBXVariantGroup;
			children = (
				1A96979F2B9E8826006C21B2 /* Base */,
			);
			name = LaunchScreen.storyboard;
			sourceTree = "<group>";
		};
/* End PBXVariantGroup section */

/* Begin XCBuildConfiguration section */
		1A9697A22B9E8826006C21B2 /* Debug */ = {
			isa = XCBuildConfiguration;
			buildSettings = {
				ALWAYS_SEARCH_USER_PATHS = NO;
				ASSETCATALOG_COMPILER_GENERATE_SWIFT_ASSET_SYMBOL_EXTENSIONS = YES;
				CLANG_ANALYZER_NONNULL = YES;
				CLANG_ANALYZER_NUMBER_OBJECT_CONVERSION = YES_AGGRESSIVE;
				CLANG_CXX_LANGUAGE_STANDARD = "gnu++20";
				CLANG_ENABLE_MODULES = YES;
				CLANG_ENABLE_OBJC_ARC = YES;
				CLANG_ENABLE_OBJC_WEAK = YES;
				CLANG_WARN_BLOCK_CAPTURE_AUTORELEASING = YES;
				CLANG_WARN_BOOL_CONVERSION = YES;
				CLANG_WARN_COMMA = YES;
				CLANG_WARN_CONSTANT_CONVERSION = YES;
				CLANG_WARN_DEPRECATED_OBJC_IMPLEMENTATIONS = YES;
				CLANG_WARN_DIRECT_OBJC_ISA_USAGE = YES_ERROR;
				CLANG_WARN_DOCUMENTATION_COMMENTS = YES;
				CLANG_WARN_EMPTY_BODY = YES;
				CLANG_WARN_ENUM_CONVERSION = YES;
				CLANG_WARN_INFINITE_RECURSION = YES;
				CLANG_WARN_INT_CONVERSION = YES;
				CLANG_WARN_NON_LITERAL_NULL_CONVERSION = YES;
				CLANG_WARN_OBJC_IMPLICIT_RETAIN_SELF = YES;
				CLANG_WARN_OBJC_LITERAL_CONVERSION = YES;
				CLANG_WARN_OBJC_ROOT_CLASS = YES_ERROR;
				CLANG_WARN_QUOTED_INCLUDE_IN_FRAMEWORK_HEADER = YES;
				CLANG_WARN_RANGE_LOOP_ANALYSIS = YES;
				CLANG_WARN_STRICT_PROTOTYPES = YES;
				CLANG_WARN_SUSPICIOUS_MOVE = YES;
				CLANG_WARN_UNGUARDED_AVAILABILITY = YES_AGGRESSIVE;
				CLANG_WARN_UNREACHABLE_CODE = YES;
				CLANG_WARN__DUPLICATE_METHOD_MATCH = YES;
				COPY_PHASE_STRIP = NO;
				DEBUG_INFORMATION_FORMAT = dwarf;
				ENABLE_STRICT_OBJC_MSGSEND = YES;
				ENABLE_TESTABILITY = YES;
				ENABLE_USER_SCRIPT_SANDBOXING = YES;
				GCC_C_LANGUAGE_STANDARD = gnu17;
				GCC_DYNAMIC_NO_PIC = NO;
				GCC_NO_COMMON_BLOCKS = YES;
				GCC_OPTIMIZATION_LEVEL = 0;
				GCC_PREPROCESSOR_DEFINITIONS = (
					"DEBUG=1",
					"$(inherited)",
				);
				GCC_WARN_64_TO_32_BIT_CONVERSION = YES;
				GCC_WARN_ABOUT_RETURN_TYPE = YES_ERROR;
				GCC_WARN_UNDECLARED_SELECTOR = YES;
				GCC_WARN_UNINITIALIZED_AUTOS = YES_AGGRESSIVE;
				GCC_WARN_UNUSED_FUNCTION = YES;
				GCC_WARN_UNUSED_VARIABLE = YES;
				IPHONEOS_DEPLOYMENT_TARGET = 17.4;
				LOCALIZATION_PREFERS_STRING_CATALOGS = YES;
				MTL_ENABLE_DEBUG_INFO = INCLUDE_SOURCE;
				MTL_FAST_MATH = YES;
				ONLY_ACTIVE_ARCH = YES;
				SDKROOT = iphoneos;
				SWIFT_ACTIVE_COMPILATION_CONDITIONS = "DEBUG $(inherited)";
				SWIFT_OPTIMIZATION_LEVEL = "-Onone";
			};
			name = Debug;
		};
		1A9697A32B9E8826006C21B2 /* Release */ = {
			isa = XCBuildConfiguration;
			buildSettings = {
				ALWAYS_SEARCH_USER_PATHS = NO;
				ASSETCATALOG_COMPILER_GENERATE_SWIFT_ASSET_SYMBOL_EXTENSIONS = YES;
				CLANG_ANALYZER_NONNULL = YES;
				CLANG_ANALYZER_NUMBER_OBJECT_CONVERSION = YES_AGGRESSIVE;
				CLANG_CXX_LANGUAGE_STANDARD = "gnu++20";
				CLANG_ENABLE_MODULES = YES;
				CLANG_ENABLE_OBJC_ARC = YES;
				CLANG_ENABLE_OBJC_WEAK = YES;
				CLANG_WARN_BLOCK_CAPTURE_AUTORELEASING = YES;
				CLANG_WARN_BOOL_CONVERSION = YES;
				CLANG_WARN_COMMA = YES;
				CLANG_WARN_CONSTANT_CONVERSION = YES;
				CLANG_WARN_DEPRECATED_OBJC_IMPLEMENTATIONS = YES;
				CLANG_WARN_DIRECT_OBJC_ISA_USAGE = YES_ERROR;
				CLANG_WARN_DOCUMENTATION_COMMENTS = YES;
				CLANG_WARN_EMPTY_BODY = YES;
				CLANG_WARN_ENUM_CONVERSION = YES;
				CLANG_WARN_INFINITE_RECURSION = YES;
				CLANG_WARN_INT_CONVERSION = YES;
				CLANG_WARN_NON_LITERAL_NULL_CONVERSION = YES;
				CLANG_WARN_OBJC_IMPLICIT_RETAIN_SELF = YES;
				CLANG_WARN_OBJC_LITERAL_CONVERSION = YES;
				CLANG_WARN_OBJC_ROOT_CLASS = YES_ERROR;
				CLANG_WARN_QUOTED_INCLUDE_IN_FRAMEWORK_HEADER = YES;
				CLANG_WARN_RANGE_LOOP_ANALYSIS = YES;
				CLANG_WARN_STRICT_PROTOTYPES = YES;
				CLANG_WARN_SUSPICIOUS_MOVE = YES;
				CLANG_WARN_UNGUARDED_AVAILABILITY = YES_AGGRESSIVE;
				CLANG_WARN_UNREACHABLE_CODE = YES;
				CLANG_WARN__DUPLICATE_METHOD_MATCH = YES;
				COPY_PHASE_STRIP = NO;
				DEBUG_INFORMATION_FORMAT = "dwarf-with-dsym";
				ENABLE_NS_ASSERTIONS = NO;
				ENABLE_STRICT_OBJC_MSGSEND = YES;
				ENABLE_USER_SCRIPT_SANDBOXING = YES;
				GCC_C_LANGUAGE_STANDARD = gnu17;
				GCC_NO_COMMON_BLOCKS = YES;
				GCC_WARN_64_TO_32_BIT_CONVERSION = YES;
				GCC_WARN_ABOUT_RETURN_TYPE = YES_ERROR;
				GCC_WARN_UNDECLARED_SELECTOR = YES;
				GCC_WARN_UNINITIALIZED_AUTOS = YES_AGGRESSIVE;
				GCC_WARN_UNUSED_FUNCTION = YES;
				GCC_WARN_UNUSED_VARIABLE = YES;
				IPHONEOS_DEPLOYMENT_TARGET = 17.4;
				LOCALIZATION_PREFERS_STRING_CATALOGS = YES;
				MTL_ENABLE_DEBUG_INFO = NO;
				MTL_FAST_MATH = YES;
				SDKROOT = iphoneos;
				SWIFT_COMPILATION_MODE = wholemodule;
				VALIDATE_PRODUCT = YES;
			};
			name = Release;
		};
		1A9697A52B9E8826006C21B2 /* Debug */ = {
			isa = XCBuildConfiguration;
			buildSettings = {
				ASSETCATALOG_COMPILER_APPICON_NAME = AppIcon;
				ASSETCATALOG_COMPILER_GLOBAL_ACCENT_COLOR_NAME = AccentColor;
				CODE_SIGN_STYLE = Automatic;
				CURRENT_PROJECT_VERSION = 1;
				DEVELOPMENT_TEAM = BAX6K368WN;
				GENERATE_INFOPLIST_FILE = YES;
				INFOPLIST_FILE = 01_GoogleImageSearch/Info.plist;
				INFOPLIST_KEY_UIApplicationSupportsIndirectInputEvents = YES;
				INFOPLIST_KEY_UILaunchStoryboardName = LaunchScreen;
				INFOPLIST_KEY_UISupportedInterfaceOrientations_iPad = "UIInterfaceOrientationPortrait UIInterfaceOrientationPortraitUpsideDown UIInterfaceOrientationLandscapeLeft UIInterfaceOrientationLandscapeRight";
				INFOPLIST_KEY_UISupportedInterfaceOrientations_iPhone = "UIInterfaceOrientationPortrait UIInterfaceOrientationLandscapeLeft UIInterfaceOrientationLandscapeRight";
				IPHONEOS_DEPLOYMENT_TARGET = 16.0;
				LD_RUNPATH_SEARCH_PATHS = (
					"$(inherited)",
					"@executable_path/Frameworks",
				);
				MARKETING_VERSION = 1.0;
				PRODUCT_BUNDLE_IDENTIFIER = "yeonhoc5.-1-GoogleImageSearch";
				PRODUCT_NAME = "$(TARGET_NAME)";
				SWIFT_EMIT_LOC_STRINGS = YES;
				SWIFT_VERSION = 5.0;
				TARGETED_DEVICE_FAMILY = "1,2";
			};
			name = Debug;
		};
		1A9697A62B9E8826006C21B2 /* Release */ = {
			isa = XCBuildConfiguration;
			buildSettings = {
				ASSETCATALOG_COMPILER_APPICON_NAME = AppIcon;
				ASSETCATALOG_COMPILER_GLOBAL_ACCENT_COLOR_NAME = AccentColor;
				CODE_SIGN_STYLE = Automatic;
				CURRENT_PROJECT_VERSION = 1;
				DEVELOPMENT_TEAM = BAX6K368WN;
				GENERATE_INFOPLIST_FILE = YES;
				INFOPLIST_FILE = 01_GoogleImageSearch/Info.plist;
				INFOPLIST_KEY_UIApplicationSupportsIndirectInputEvents = YES;
				INFOPLIST_KEY_UILaunchStoryboardName = LaunchScreen;
				INFOPLIST_KEY_UISupportedInterfaceOrientations_iPad = "UIInterfaceOrientationPortrait UIInterfaceOrientationPortraitUpsideDown UIInterfaceOrientationLandscapeLeft UIInterfaceOrientationLandscapeRight";
				INFOPLIST_KEY_UISupportedInterfaceOrientations_iPhone = "UIInterfaceOrientationPortrait UIInterfaceOrientationLandscapeLeft UIInterfaceOrientationLandscapeRight";
				IPHONEOS_DEPLOYMENT_TARGET = 16.0;
				LD_RUNPATH_SEARCH_PATHS = (
					"$(inherited)",
					"@executable_path/Frameworks",
				);
				MARKETING_VERSION = 1.0;
				PRODUCT_BUNDLE_IDENTIFIER = "yeonhoc5.-1-GoogleImageSearch";
				PRODUCT_NAME = "$(TARGET_NAME)";
				SWIFT_EMIT_LOC_STRINGS = YES;
				SWIFT_VERSION = 5.0;
				TARGETED_DEVICE_FAMILY = "1,2";
			};
			name = Release;
		};
/* End XCBuildConfiguration section */

/* Begin XCConfigurationList section */
		1A96978B2B9E8825006C21B2 /* Build configuration list for PBXProject "01_GoogleImageSearch" */ = {
			isa = XCConfigurationList;
			buildConfigurations = (
				1A9697A22B9E8826006C21B2 /* Debug */,
				1A9697A32B9E8826006C21B2 /* Release */,
			);
			defaultConfigurationIsVisible = 0;
			defaultConfigurationName = Release;
		};
		1A9697A42B9E8826006C21B2 /* Build configuration list for PBXNativeTarget "01_GoogleImageSearch" */ = {
			isa = XCConfigurationList;
			buildConfigurations = (
				1A9697A52B9E8826006C21B2 /* Debug */,
				1A9697A62B9E8826006C21B2 /* Release */,
			);
			defaultConfigurationIsVisible = 0;
			defaultConfigurationName = Release;
		};
/* End XCConfigurationList section */

/* Begin XCRemoteSwiftPackageReference section */
		1A9697D72B9E9785006C21B2 /* XCRemoteSwiftPackageReference "rxswift" */ = {
			isa = XCRemoteSwiftPackageReference;
			repositoryURL = "https://github.com/reactivex/rxswift.git";
			requirement = {
				kind = upToNextMajorVersion;
				minimumVersion = 6.6.0;
			};
		};
		1A9697E32B9E97C3006C21B2 /* XCRemoteSwiftPackageReference "Kingfisher" */ = {
			isa = XCRemoteSwiftPackageReference;
			repositoryURL = "https://github.com/onevcat/Kingfisher.git";
			requirement = {
				kind = upToNextMajorVersion;
				minimumVersion = 7.11.0;
			};
		};
		1A9697E62B9E9821006C21B2 /* XCRemoteSwiftPackageReference "SnapKit" */ = {
			isa = XCRemoteSwiftPackageReference;
			repositoryURL = "https://github.com/SnapKit/SnapKit.git";
			requirement = {
				kind = upToNextMajorVersion;
				minimumVersion = 5.7.1;
			};
		};
/* End XCRemoteSwiftPackageReference section */

/* Begin XCSwiftPackageProductDependency section */
		1A9697D82B9E9786006C21B2 /* RxCocoa */ = {
			isa = XCSwiftPackageProductDependency;
			package = 1A9697D72B9E9785006C21B2 /* XCRemoteSwiftPackageReference "rxswift" */;
			productName = RxCocoa;
		};
		1A9697DA2B9E9786006C21B2 /* RxRelay */ = {
			isa = XCSwiftPackageProductDependency;
			package = 1A9697D72B9E9785006C21B2 /* XCRemoteSwiftPackageReference "rxswift" */;
			productName = RxRelay;
		};
		1A9697DC2B9E9786006C21B2 /* RxSwift */ = {
			isa = XCSwiftPackageProductDependency;
			package = 1A9697D72B9E9785006C21B2 /* XCRemoteSwiftPackageReference "rxswift" */;
			productName = RxSwift;
		};
		1A9697E42B9E97C3006C21B2 /* Kingfisher */ = {
			isa = XCSwiftPackageProductDependency;
			package = 1A9697E32B9E97C3006C21B2 /* XCRemoteSwiftPackageReference "Kingfisher" */;
			productName = Kingfisher;
		};
		1A9697E72B9E9821006C21B2 /* SnapKit */ = {
			isa = XCSwiftPackageProductDependency;
			package = 1A9697E62B9E9821006C21B2 /* XCRemoteSwiftPackageReference "SnapKit" */;
			productName = SnapKit;
		};
/* End XCSwiftPackageProductDependency section */
	};
	rootObject = 1A9697882B9E8825006C21B2 /* Project object */;
}
